{
  "name": "nlp",
  "version": "1.0.0",
  "lockfileVersion": 1,
  "requires": true,
  "dependencies": {
    "@microsoft/recognizers-text": {
      "version": "1.3.0",
      "resolved": "https://registry.npmjs.org/@microsoft/recognizers-text/-/recognizers-text-1.3.0.tgz",
      "integrity": "sha512-0gUhtS/0qSF6veB3Olu55IuJ0Skwg4u1IbJX9KFj1QeK8z6cw69/p637IPD2NgXLlXCy2HEqLvUW/mgbDp3rWg=="
    },
    "@microsoft/recognizers-text-choice": {
      "version": "1.3.0",
      "resolved": "https://registry.npmjs.org/@microsoft/recognizers-text-choice/-/recognizers-text-choice-1.3.0.tgz",
      "integrity": "sha512-I2LQAJJ9TJthJYWZNzooJD6+5KUkr+H+m54XpjY+vKjR81DPVFUL/SWZVyv+cC7eePFwrDv3gUnkXYS+Lp0hmA==",
      "requires": {
        "@microsoft/recognizers-text": "~1.3.0",
        "grapheme-splitter": "^1.0.2"
      }
    },
    "@microsoft/recognizers-text-data-types-timex-expression": {
      "version": "1.3.0",
      "resolved": "https://registry.npmjs.org/@microsoft/recognizers-text-data-types-timex-expression/-/recognizers-text-data-types-timex-expression-1.3.0.tgz",
      "integrity": "sha512-REHUXmMUI1jL3b9v+aSdzKxLxRdejsfg9McYRxY3LW0Gu4UbwD7Q+K6mtSo40cwg8uh6fiV9GY8hDuKXHH6dVA=="
    },
    "@microsoft/recognizers-text-date-time": {
      "version": "1.3.0",
      "resolved": "https://registry.npmjs.org/@microsoft/recognizers-text-date-time/-/recognizers-text-date-time-1.3.0.tgz",
      "integrity": "sha512-bgw4TS726maTg53M6SQRHQOzOH0za0zmBWnnGo0wQdbDfK+bgq5aeDSD4k/HhXvfkOD6zzRd3+tG3Dqyp/kFaQ==",
      "requires": {
        "@microsoft/recognizers-text": "~1.3.0",
        "@microsoft/recognizers-text-number": "~1.3.0",
        "@microsoft/recognizers-text-number-with-unit": "~1.3.0",
        "lodash.isequal": "^4.5.0",
        "lodash.tonumber": "^4.0.3"
      }
    },
    "@microsoft/recognizers-text-number": {
      "version": "1.3.0",
      "resolved": "https://registry.npmjs.org/@microsoft/recognizers-text-number/-/recognizers-text-number-1.3.0.tgz",
      "integrity": "sha512-KVFxvaXW9E7UkuF0EYCghvCn0u+N5L7bBXeP4IKB6fXkQd6GAZ9zNA2Acdm9lJzCRxcsBYFbRLcRMrPHwAa32w==",
      "requires": {
        "@microsoft/recognizers-text": "~1.3.0",
        "bignumber.js": "^7.2.1",
        "lodash.escaperegexp": "^4.1.2",
        "lodash.sortby": "^4.7.0",
        "lodash.trimend": "^4.5.1"
      }
    },
    "@microsoft/recognizers-text-number-with-unit": {
      "version": "1.3.0",
      "resolved": "https://registry.npmjs.org/@microsoft/recognizers-text-number-with-unit/-/recognizers-text-number-with-unit-1.3.0.tgz",
      "integrity": "sha512-FxBD1ZQLvr4c+ssVyqUjblg+i21GbzIsDEHd5VWon5wg+2qrqixlmP1mXsXG+iGRV3qqeZCtTFdqkwJ3MWhovA==",
      "requires": {
        "@microsoft/recognizers-text": "~1.3.0",
        "@microsoft/recognizers-text-number": "~1.3.0",
        "lodash.escaperegexp": "^4.1.2",
        "lodash.last": "^3.0.0",
        "lodash.max": "^4.0.1"
      }
    },
    "@microsoft/recognizers-text-sequence": {
      "version": "1.3.0",
      "resolved": "https://registry.npmjs.org/@microsoft/recognizers-text-sequence/-/recognizers-text-sequence-1.3.0.tgz",
      "integrity": "sha512-LXZ9AakClrdPVfEphCJFETjw6n8w/LwW1Yoj9ZKcGI9PGvH6RR+haS4GSZuHeMhEacmaa3NkzD+I44qYIvym8Q==",
      "requires": {
        "@microsoft/recognizers-text": "~1.3.0",
        "grapheme-splitter": "^1.0.2"
      }
    },
    "@microsoft/recognizers-text-suite": {
      "version": "1.3.0",
      "resolved": "https://registry.npmjs.org/@microsoft/recognizers-text-suite/-/recognizers-text-suite-1.3.0.tgz",
      "integrity": "sha512-uqG4vzy5N2CmBaeINny0bLdnGp0jDbT1moNoLC+Yim3G8kHOU9lpDfwA6VN6HTYaDM5854SNMEzLjJdS1TPFTw==",
      "requires": {
        "@microsoft/recognizers-text": "~1.3.0",
        "@microsoft/recognizers-text-choice": "~1.3.0",
        "@microsoft/recognizers-text-data-types-timex-expression": "~1.3.0",
        "@microsoft/recognizers-text-date-time": "~1.3.0",
        "@microsoft/recognizers-text-number": "~1.3.0",
        "@microsoft/recognizers-text-number-with-unit": "~1.3.0",
        "@microsoft/recognizers-text-sequence": "~1.3.0"
      }
    },
    "@nlpjs/builtin-duckling": {
      "version": "4.17.1",
      "resolved": "https://registry.npmjs.org/@nlpjs/builtin-duckling/-/builtin-duckling-4.17.1.tgz",
      "integrity": "sha512-y781c5YhIPLrRTIdvaKeoyzzjoBImMRB391mT53gfAmAVYE3BXS6/mJSxZUXzQSmM//qKuwdrKjQMx1fSuPqug==",
      "requires": {
        "@nlpjs/core": "^4.17.0"
      }
    },
    "@nlpjs/builtin-microsoft": {
      "version": "4.17.0",
      "resolved": "https://registry.npmjs.org/@nlpjs/builtin-microsoft/-/builtin-microsoft-4.17.0.tgz",
      "integrity": "sha512-Di8kV+/g/xF0KBBRGJIMs7fU4fUVI5RzSYIi0Ic3vyyrJFx6MH1lNWDm7nydBmWEJXkoI67P2HgeO2QJ0o5GyA==",
      "requires": {
        "@microsoft/recognizers-text-suite": "1.3.0",
        "@nlpjs/core": "^4.17.0"
      }
    },
    "@nlpjs/core": {
      "version": "4.17.0",
      "resolved": "https://registry.npmjs.org/@nlpjs/core/-/core-4.17.0.tgz",
      "integrity": "sha512-FHj7Yr/sqd3mL7PQUVSZ1aSFsxRlwz38nzihECTJQan+mq1kWJ6RwNQRhWb4FDAPa5QxTtFTmWl+A7UyBqTXsg=="
    },
    "@nlpjs/core-loader": {
      "version": "4.17.0",
      "resolved": "https://registry.npmjs.org/@nlpjs/core-loader/-/core-loader-4.17.0.tgz",
      "integrity": "sha512-7/s+J6i8vAwFxmkml063pkiej4MPZYSoaE2TNrUAN7owwJeZOQkmnPKGUmcdZ+e8C0Dw9hu88dN7h3Igz2gU5A==",
      "requires": {
        "@nlpjs/core": "^4.17.0",
        "@nlpjs/request": "^4.17.0"
      }
    },
    "@nlpjs/emoji": {
      "version": "4.17.0",
      "resolved": "https://registry.npmjs.org/@nlpjs/emoji/-/emoji-4.17.0.tgz",
      "integrity": "sha512-KwG1PJeok81lG7ELFwKwLVGcwqWccEySOH7IF9Nzh7yhMP0nO433thqKFzZpmlYSv7NliK0K1q2C/q/qXhcBmA==",
      "requires": {
        "@nlpjs/core": "^4.17.0"
      }
    },
    "@nlpjs/evaluator": {
      "version": "4.17.1",
      "resolved": "https://registry.npmjs.org/@nlpjs/evaluator/-/evaluator-4.17.1.tgz",
      "integrity": "sha512-dHaqDyfM6B6QmbNehG5lMukMWOZwcd/WwiC7jAh3eG/X73jNsPz9p66H3XyYpc3s9kfpxWIgc+S789Sar4uT/Q==",
      "requires": {
        "escodegen": "^2.0.0",
        "esprima": "^4.0.1"
      }
    },
    "@nlpjs/lang-all": {
      "version": "4.17.1",
      "resolved": "https://registry.npmjs.org/@nlpjs/lang-all/-/lang-all-4.17.1.tgz",
      "integrity": "sha512-6+LWARC2g8+wmqu9mpyC5vYtB71B9/Y7e5shOGhWk4lJdHvqocXGGivFufeCtCOWDqZGz7Rx5ncFxTynemLFfQ==",
      "requires": {
        "@nlpjs/core": "^4.17.0",
        "@nlpjs/lang-ar": "^4.17.0",
        "@nlpjs/lang-bn": "^4.17.0",
        "@nlpjs/lang-ca": "^4.17.0",
        "@nlpjs/lang-cs": "^4.17.0",
        "@nlpjs/lang-da": "^4.17.0",
        "@nlpjs/lang-de": "^4.17.0",
        "@nlpjs/lang-el": "^4.17.0",
        "@nlpjs/lang-en": "^4.17.0",
        "@nlpjs/lang-es": "^4.17.0",
        "@nlpjs/lang-eu": "^4.17.0",
        "@nlpjs/lang-fa": "^4.17.0",
        "@nlpjs/lang-fi": "^4.17.0",
        "@nlpjs/lang-fr": "^4.17.0",
        "@nlpjs/lang-ga": "^4.17.0",
        "@nlpjs/lang-gl": "^4.17.0",
        "@nlpjs/lang-hi": "^4.17.0",
        "@nlpjs/lang-hu": "^4.17.0",
        "@nlpjs/lang-hy": "^4.17.0",
        "@nlpjs/lang-id": "^4.17.0",
        "@nlpjs/lang-it": "^4.17.0",
        "@nlpjs/lang-ja": "^4.17.1",
        "@nlpjs/lang-ko": "^4.17.0",
        "@nlpjs/lang-lt": "^4.17.0",
        "@nlpjs/lang-ms": "^4.17.0",
        "@nlpjs/lang-ne": "^4.17.0",
        "@nlpjs/lang-nl": "^4.17.0",
        "@nlpjs/lang-no": "^4.17.0",
        "@nlpjs/lang-pl": "^4.17.0",
        "@nlpjs/lang-pt": "^4.17.0",
        "@nlpjs/lang-ro": "^4.17.0",
        "@nlpjs/lang-ru": "^4.17.0",
        "@nlpjs/lang-sl": "^4.17.0",
        "@nlpjs/lang-sr": "^4.17.0",
        "@nlpjs/lang-sv": "^4.17.0",
        "@nlpjs/lang-ta": "^4.17.0",
        "@nlpjs/lang-th": "^4.17.0",
        "@nlpjs/lang-tl": "^4.17.0",
        "@nlpjs/lang-tr": "^4.17.0",
        "@nlpjs/lang-uk": "^4.17.0",
        "@nlpjs/lang-zh": "^4.17.0"
      }
    },
    "@nlpjs/lang-ar": {
      "version": "4.17.0",
      "resolved": "https://registry.npmjs.org/@nlpjs/lang-ar/-/lang-ar-4.17.0.tgz",
      "integrity": "sha512-q258MyMY/iRBH1/8Ulkp6W/TZ7ur4lWwd15Yy5z7mD2L7sSmbyuuV0LUZFYJZ4y6pOHN06KZDTdw3KbuZVIkEQ==",
      "requires": {
        "@nlpjs/core": "^4.17.0"
      }
    },
    "@nlpjs/lang-bn": {
      "version": "4.17.0",
      "resolved": "https://registry.npmjs.org/@nlpjs/lang-bn/-/lang-bn-4.17.0.tgz",
      "integrity": "sha512-UM6w0jWFICNaTZsML4BfBoBsU0qld5/ZVrYPNXODUxzgvYPXtiHSKh1EMnED+UOHopmbe1uPhuV4snQ/HWp+sA==",
      "requires": {
        "@nlpjs/core": "^4.17.0"
      }
    },
    "@nlpjs/lang-ca": {
      "version": "4.17.0",
      "resolved": "https://registry.npmjs.org/@nlpjs/lang-ca/-/lang-ca-4.17.0.tgz",
      "integrity": "sha512-Srzy1sBMwRcu2/awQxu+hTXFpsRQv5bJTpBXpuiIA9jKlUjcrqdAETYlu1FN2OjNRdb7vb/elgT0EpmziJgc5Q==",
      "requires": {
        "@nlpjs/core": "^4.17.0"
      }
    },
    "@nlpjs/lang-cs": {
      "version": "4.17.0",
      "resolved": "https://registry.npmjs.org/@nlpjs/lang-cs/-/lang-cs-4.17.0.tgz",
      "integrity": "sha512-YLur1a0dCo3FVdeHaSudB22bp4uUYNAVomC2MVMWvdMr7EmIdxT+GeAFLnu0JxLaFOcypVpDjv7yfG8GxS+rhA==",
      "requires": {
        "@nlpjs/core": "^4.17.0"
      }
    },
    "@nlpjs/lang-da": {
      "version": "4.17.0",
      "resolved": "https://registry.npmjs.org/@nlpjs/lang-da/-/lang-da-4.17.0.tgz",
      "integrity": "sha512-r+d1UkBCX5CwY1a5H6arkVnJjn9mwWyec9ocBA9lWBx02IZYwvTMPl72f1TjOA1qI3kVB58Rq/yFiCh7Xhzufw==",
      "requires": {
        "@nlpjs/core": "^4.17.0"
      }
    },
    "@nlpjs/lang-de": {
      "version": "4.17.0",
      "resolved": "https://registry.npmjs.org/@nlpjs/lang-de/-/lang-de-4.17.0.tgz",
      "integrity": "sha512-ESeVumJEToM4c+ApyTXF2y23+T9gNByZB0PyL1M8Qt3Ub3jz7wOEqlcY/LMTyHKyZMSfTQGGhwNskP2lW/aKGw==",
      "requires": {
        "@nlpjs/core": "^4.17.0"
      }
    },
    "@nlpjs/lang-el": {
      "version": "4.17.0",
      "resolved": "https://registry.npmjs.org/@nlpjs/lang-el/-/lang-el-4.17.0.tgz",
      "integrity": "sha512-QwyzxV49NT99VMGl/SQdu7gjdayNunIl1FAyfAxNYld0OV66/GVZJj/38bRXnoPI2f44zRecplf7HIfxqY5XoQ==",
      "requires": {
        "@nlpjs/core": "^4.17.0"
      }
    },
    "@nlpjs/lang-en": {
      "version": "4.17.0",
      "resolved": "https://registry.npmjs.org/@nlpjs/lang-en/-/lang-en-4.17.0.tgz",
      "integrity": "sha512-L4tSB6Dn4uUkjDkyUCHxXC2Spu2YfUryoFkpQ67MBIHdSe7OdyDLILhp05i3r9LZr+vcutJiHe0YB8QzzXNbyw==",
      "requires": {
        "@nlpjs/core": "^4.17.0",
        "@nlpjs/lang-en-min": "^4.17.0"
      }
    },
    "@nlpjs/lang-en-min": {
      "version": "4.17.0",
      "resolved": "https://registry.npmjs.org/@nlpjs/lang-en-min/-/lang-en-min-4.17.0.tgz",
      "integrity": "sha512-2dfbubSgOPqIQv2lvmnKFC+uT9FdyeoljGEzll0rOaR3MbC4ApN5V88MtBuXibZ5kyfuqhR8Sjj8Eg197wk2Ag==",
      "requires": {
        "@nlpjs/core": "^4.17.0"
      }
    },
    "@nlpjs/lang-es": {
      "version": "4.17.0",
      "resolved": "https://registry.npmjs.org/@nlpjs/lang-es/-/lang-es-4.17.0.tgz",
      "integrity": "sha512-1aUU7RVJ4D9Yv19laNQDf8ofP73q51HD7P+Dw+SD5cVF36DZSkMMFZQYSiidz3FqqDVDY6Boz6eD9yOs20mP1g==",
      "requires": {
        "@nlpjs/core": "^4.17.0"
      }
    },
    "@nlpjs/lang-eu": {
      "version": "4.17.0",
      "resolved": "https://registry.npmjs.org/@nlpjs/lang-eu/-/lang-eu-4.17.0.tgz",
      "integrity": "sha512-nCaJ5E0cnAL5MeY8922SO7ooMO3KGs0F3fDZyvASbZXnIRPo1LJA50ZRcN/OnifEDkd9yEK9YMDuX5kvKufGbQ==",
      "requires": {
        "@nlpjs/core": "^4.17.0"
      }
    },
    "@nlpjs/lang-fa": {
      "version": "4.17.0",
      "resolved": "https://registry.npmjs.org/@nlpjs/lang-fa/-/lang-fa-4.17.0.tgz",
      "integrity": "sha512-p8iSezBtkw3zkTS18qctjt53wfbBj9B1ZyV9TaZAvxo3RKB6/VuypcEKhZIOKTMDD4OCJJGIM1BAIpXeMgSgDw==",
      "requires": {
        "@nlpjs/core": "^4.17.0"
      }
    },
    "@nlpjs/lang-fi": {
      "version": "4.17.0",
      "resolved": "https://registry.npmjs.org/@nlpjs/lang-fi/-/lang-fi-4.17.0.tgz",
      "integrity": "sha512-AQfg6HQMhJ3TpGjNRYO891FqNjg4+ajXdra/UFRMAou0ML2rEIpv9RLb17hzUHXElL7LjfA5eOOQOmAflrhbFQ==",
      "requires": {
        "@nlpjs/core": "^4.17.0"
      }
    },
    "@nlpjs/lang-fr": {
      "version": "4.17.0",
      "resolved": "https://registry.npmjs.org/@nlpjs/lang-fr/-/lang-fr-4.17.0.tgz",
      "integrity": "sha512-1zW6WHyUMUvzvXuxnSTZ+o5fWYCL3RasxgDZ0coz+Tf/jpSOge/vXSzAub03Ahsi7eWRKdsY2BugGcBdxCnkjw==",
      "requires": {
        "@nlpjs/core": "^4.17.0"
      }
    },
    "@nlpjs/lang-ga": {
      "version": "4.17.0",
      "resolved": "https://registry.npmjs.org/@nlpjs/lang-ga/-/lang-ga-4.17.0.tgz",
      "integrity": "sha512-Lk0M55n6fkupNEuRvWfVh0yfzyawsRo9+LBrxFiVIq7p3ZlogHUTuMeZ8L3YYfdrDr0YWa0yDE9KAN2y092WeQ==",
      "requires": {
        "@nlpjs/core": "^4.17.0"
      }
    },
    "@nlpjs/lang-gl": {
      "version": "4.17.0",
      "resolved": "https://registry.npmjs.org/@nlpjs/lang-gl/-/lang-gl-4.17.0.tgz",
      "integrity": "sha512-IPE748rx14gVkmEXr/ByymSRhPBWYhpZu4nH9qDcjCGgJj99xyULxJPC9ud33pLWAF4sfPCCxjLsY9VvbHuECA==",
      "requires": {
        "@nlpjs/core": "^4.17.0"
      }
    },
    "@nlpjs/lang-hi": {
      "version": "4.17.0",
      "resolved": "https://registry.npmjs.org/@nlpjs/lang-hi/-/lang-hi-4.17.0.tgz",
      "integrity": "sha512-wFwI2GpjgxEpT0NTEJTLSnfbLyyuF597WoBf2YT8pH7WIYCqOpYynCd06VCTJHDX76IDbajKHWep2tGwO78k9Q==",
      "requires": {
        "@nlpjs/core": "^4.17.0"
      }
    },
    "@nlpjs/lang-hu": {
      "version": "4.17.0",
      "resolved": "https://registry.npmjs.org/@nlpjs/lang-hu/-/lang-hu-4.17.0.tgz",
      "integrity": "sha512-K+r16Te7gvIX+zIX/DrStDtsCvjcFyxmQqurITKZ2thnrjISIhT8BoP7ZZZx4ioIubS0OmZRaAKIoMagZVwagw==",
      "requires": {
        "@nlpjs/core": "^4.17.0"
      }
    },
    "@nlpjs/lang-hy": {
      "version": "4.17.0",
      "resolved": "https://registry.npmjs.org/@nlpjs/lang-hy/-/lang-hy-4.17.0.tgz",
      "integrity": "sha512-A4hPKS/viDdt0aASylrlrJChakdFfS2MMxpllVVg6R+MSu5yFe4ndozh7mJxwGk0iIlb75ApGyjd64//o0p8mA==",
      "requires": {
        "@nlpjs/core": "^4.17.0"
      }
    },
    "@nlpjs/lang-id": {
      "version": "4.17.0",
      "resolved": "https://registry.npmjs.org/@nlpjs/lang-id/-/lang-id-4.17.0.tgz",
      "integrity": "sha512-McBa8Pwu9N0F5UBERGtaIBW7IEWM+hAn7Sjh/shBKBCSyj+qI8aSkMAVvmSchHAf7+aSgJPACj4eUSFN3ImZ2Q==",
      "requires": {
        "@nlpjs/core": "^4.17.0"
      }
    },
    "@nlpjs/lang-it": {
      "version": "4.17.0",
      "resolved": "https://registry.npmjs.org/@nlpjs/lang-it/-/lang-it-4.17.0.tgz",
      "integrity": "sha512-Gyf/45kVN+sx2Oy2gAGJj2/3tlKH5I9U6JakeubXMk9EkN/tKn/Mg+gH64cstg+hMy+PosgyKGsx4xQqrBmpAQ==",
      "requires": {
        "@nlpjs/core": "^4.17.0"
      }
    },
    "@nlpjs/lang-ja": {
      "version": "4.17.1",
      "resolved": "https://registry.npmjs.org/@nlpjs/lang-ja/-/lang-ja-4.17.1.tgz",
      "integrity": "sha512-E/l7u6NkAv+Z/Vt3674y5RJ+pZp+JdSNBzM0C1qQL/k671UOpcdexCKTmCHBziYUuJLIEKw475HLLJ2UI9E79w==",
      "requires": {
        "@nlpjs/core": "^4.17.0",
        "kuromoji": "^0.1.2"
      }
    },
    "@nlpjs/lang-ko": {
      "version": "4.17.0",
      "resolved": "https://registry.npmjs.org/@nlpjs/lang-ko/-/lang-ko-4.17.0.tgz",
      "integrity": "sha512-AmzX4xFd8xU3UC8gLjnFSGgN2M3RKQvcZoMJf76bo5MGNO7BwRGJdn05tFjBHK0GkIPeikmQdGMwNdFsuTbVMQ==",
      "requires": {
        "@nlpjs/core": "^4.17.0"
      }
    },
    "@nlpjs/lang-lt": {
      "version": "4.17.0",
      "resolved": "https://registry.npmjs.org/@nlpjs/lang-lt/-/lang-lt-4.17.0.tgz",
      "integrity": "sha512-41XvwV5EGipKUMdSB6HLgHohB5fQap3XpVf8xqo67Uv3c0HFDmT11fT3078m3lqw/RyCz2mVsX1yRGxrRf/opw==",
      "requires": {
        "@nlpjs/core": "^4.17.0"
      }
    },
    "@nlpjs/lang-ms": {
      "version": "4.17.0",
      "resolved": "https://registry.npmjs.org/@nlpjs/lang-ms/-/lang-ms-4.17.0.tgz",
      "integrity": "sha512-ulGoLpfly7DSIQ1J/BuxpGMjSeWQvdHI6J/02x4Zud5c04MTwjxBruYQWoj4uSsf5Urtf6neto58kB2AHxTnpg==",
      "requires": {
        "@nlpjs/core": "^4.17.0",
        "@nlpjs/lang-id": "^4.17.0"
      }
    },
    "@nlpjs/lang-ne": {
      "version": "4.17.0",
      "resolved": "https://registry.npmjs.org/@nlpjs/lang-ne/-/lang-ne-4.17.0.tgz",
      "integrity": "sha512-1jU2FtQc6dbZP6B3t071slV8e4OS/h6KOLfgQZLg1eQKI0bNEYUdTkMwl3oqun/xe0pNG3snRH7ooC8uLxpDPg==",
      "requires": {
        "@nlpjs/core": "^4.17.0"
      }
    },
    "@nlpjs/lang-nl": {
      "version": "4.17.0",
      "resolved": "https://registry.npmjs.org/@nlpjs/lang-nl/-/lang-nl-4.17.0.tgz",
      "integrity": "sha512-UzaF9U7gcWlTe0MmCzmbCnDAre7CKtqG/70uQ5y5s7wNiDMGqkRvCjAiytKg5anFvgB5yoZ1y6S8NkGdpVdqlw==",
      "requires": {
        "@nlpjs/core": "^4.17.0"
      }
    },
    "@nlpjs/lang-no": {
      "version": "4.17.0",
      "resolved": "https://registry.npmjs.org/@nlpjs/lang-no/-/lang-no-4.17.0.tgz",
      "integrity": "sha512-mnbC0mgnJQAZ+gHtK5iroYH9ZR0QLHvRm6OCtqhi/XAuL44ikeUx4GTeNsz/cJ56pk8nuu0iurfIRzhcoaGfSA==",
      "requires": {
        "@nlpjs/core": "^4.17.0"
      }
    },
    "@nlpjs/lang-pl": {
      "version": "4.17.0",
      "resolved": "https://registry.npmjs.org/@nlpjs/lang-pl/-/lang-pl-4.17.0.tgz",
      "integrity": "sha512-PuSSMSUY9unFbKdf56XA9I/XIeu/PeaOC3R6bKr9A4DAcTFUHTCLyvVNdx7SwBIqiyvy7KOMkEyKXUXTl1ckTQ==",
      "requires": {
        "@nlpjs/core": "^4.17.0"
      }
    },
    "@nlpjs/lang-pt": {
      "version": "4.17.0",
      "resolved": "https://registry.npmjs.org/@nlpjs/lang-pt/-/lang-pt-4.17.0.tgz",
      "integrity": "sha512-o22KHo1FGNHApXkyOFzIyK+PTdkD2UyyXAjCbpBLnG+kwzHtpWifYxltri9ZS1TpAGC+0zcMzxzMvvtn3dUsRw==",
      "requires": {
        "@nlpjs/core": "^4.17.0"
      }
    },
    "@nlpjs/lang-ro": {
      "version": "4.17.0",
      "resolved": "https://registry.npmjs.org/@nlpjs/lang-ro/-/lang-ro-4.17.0.tgz",
      "integrity": "sha512-pkDmb8LJrPcerpHnqZFgLUrWvMOfO4Zpx8RXifT+rM5+3NYiEa9Oj+q7TjZuqAZmm/6aosLH1DnMt+++ABD+4g==",
      "requires": {
        "@nlpjs/core": "^4.17.0"
      }
    },
    "@nlpjs/lang-ru": {
      "version": "4.17.0",
      "resolved": "https://registry.npmjs.org/@nlpjs/lang-ru/-/lang-ru-4.17.0.tgz",
      "integrity": "sha512-TILCzjsTC8VsSQ+BbbEfvDMx//7NilYyjg6izsY5/E0okvUOQUxxED1QEFHmpafDzPIZ31pWsWxzrYidtCawEQ==",
      "requires": {
        "@nlpjs/core": "^4.17.0"
      }
    },
    "@nlpjs/lang-sl": {
      "version": "4.17.0",
      "resolved": "https://registry.npmjs.org/@nlpjs/lang-sl/-/lang-sl-4.17.0.tgz",
      "integrity": "sha512-r0NaQQ+BVAWkwBIYpqV7/A6iq16XtiN12SkIkMjsWcGwRu/df2l4L6gOj9S0EnIoCcrnTZpPTjIqQm6V5pR9BQ==",
      "requires": {
        "@nlpjs/core": "^4.17.0"
      }
    },
    "@nlpjs/lang-sr": {
      "version": "4.17.0",
      "resolved": "https://registry.npmjs.org/@nlpjs/lang-sr/-/lang-sr-4.17.0.tgz",
      "integrity": "sha512-T1/PNFbOLnfigqtWjTucsW53RvVX5gzRKp36c4VIlBqWtYbJLrwewIGSRN6G8uwDdG8YGiyeMQu6M7eNI4sO2A==",
      "requires": {
        "@nlpjs/core": "^4.17.0"
      }
    },
    "@nlpjs/lang-sv": {
      "version": "4.17.0",
      "resolved": "https://registry.npmjs.org/@nlpjs/lang-sv/-/lang-sv-4.17.0.tgz",
      "integrity": "sha512-QFbYC3hKN9ER05ghfBlT467irm4+wUnfiPi6KEG6Y3bpWvapwrNibYUelcWCsNj6XV8QyeNFrUOmpkTDE8qoFQ==",
      "requires": {
        "@nlpjs/core": "^4.17.0"
      }
    },
    "@nlpjs/lang-ta": {
      "version": "4.17.0",
      "resolved": "https://registry.npmjs.org/@nlpjs/lang-ta/-/lang-ta-4.17.0.tgz",
      "integrity": "sha512-tdq+BhXRWXXOpoFcJPeDxNnwmnNOEMnZtRDQukeIPDMurMuwBREsbptP6Zgj5bI4zEFexUu/9rI/87Uwe4W8UQ==",
      "requires": {
        "@nlpjs/core": "^4.17.0"
      }
    },
    "@nlpjs/lang-th": {
      "version": "4.17.0",
      "resolved": "https://registry.npmjs.org/@nlpjs/lang-th/-/lang-th-4.17.0.tgz",
      "integrity": "sha512-cwON6FQY8WRWNMyg1nQ+E7R94wU57EpblOrieYHsLiD1N0zbQxm/14+xREK+0ufaGhXCznaS+ysZ1WsEooMdMg==",
      "requires": {
        "@nlpjs/core": "^4.17.0"
      }
    },
    "@nlpjs/lang-tl": {
      "version": "4.17.0",
      "resolved": "https://registry.npmjs.org/@nlpjs/lang-tl/-/lang-tl-4.17.0.tgz",
      "integrity": "sha512-jIj3jviP+5wmoGRgoYQjsDgOlASJMMgBdRWJa58h4j2ygpuN2jwuLr4WrLOAK7hmhoCxZ7E6h1vrECCyo7TfGA==",
      "requires": {
        "@nlpjs/core": "^4.17.0"
      }
    },
    "@nlpjs/lang-tr": {
      "version": "4.17.0",
      "resolved": "https://registry.npmjs.org/@nlpjs/lang-tr/-/lang-tr-4.17.0.tgz",
      "integrity": "sha512-JCetZw7L6QKiD4WBltBBJtBtSu0FshLCqrtQwR6sVgMvAcZNOAtobiwGjQYgkGVKdB6o+aaeCG+GJCFi/CdokQ==",
      "requires": {
        "@nlpjs/core": "^4.17.0"
      }
    },
    "@nlpjs/lang-uk": {
      "version": "4.17.0",
      "resolved": "https://registry.npmjs.org/@nlpjs/lang-uk/-/lang-uk-4.17.0.tgz",
      "integrity": "sha512-EZHiHS3gn6QTdGjD8Eu18FUeRfSae6BEUlIFfPMENCqEXELhggwTipCDp3x0DvLlXcx9beqZ1LuuT0hYmJ3NTw==",
      "requires": {
        "@nlpjs/core": "^4.17.0"
      }
    },
    "@nlpjs/lang-zh": {
      "version": "4.17.0",
      "resolved": "https://registry.npmjs.org/@nlpjs/lang-zh/-/lang-zh-4.17.0.tgz",
      "integrity": "sha512-2rjAJEg8vmDOWgagcsTKz8OSSofdW1BAmM/hAWTFfeTIpZal3iaMoovyCi3vIRib8lHi7KCRVJaTpFb0bpP+6A==",
      "requires": {
        "@nlpjs/core": "^4.17.0"
      }
    },
    "@nlpjs/language": {
      "version": "4.17.0",
      "resolved": "https://registry.npmjs.org/@nlpjs/language/-/language-4.17.0.tgz",
      "integrity": "sha512-oYIztvs2c0NX9edQC0X3GMh/00L0iREU2j3cTagDm+CtWxV7+UsfrxxJHMVm4g+Dr6vDMVgQvfksGDRPAIgTsQ=="
    },
    "@nlpjs/language-min": {
      "version": "4.17.0",
      "resolved": "https://registry.npmjs.org/@nlpjs/language-min/-/language-min-4.17.0.tgz",
      "integrity": "sha512-MBmG28YyPY24q5mKlzufmZNNwiynmcjWT0r4mSI6hEKjiAhGLLakgAEtJNmOC1827G5bNqspR1PUGBaCxr/XeQ=="
    },
    "@nlpjs/ner": {
      "version": "4.17.0",
      "resolved": "https://registry.npmjs.org/@nlpjs/ner/-/ner-4.17.0.tgz",
      "integrity": "sha512-xDluJThS2JDZcwFT4w/HXv05tmx+jOnF1tFAILqrS94TwElG+SPAXixCk5dbSqi35rwWZVv19Afhp05UL4oenA==",
      "requires": {
        "@nlpjs/core": "^4.17.0",
        "@nlpjs/language-min": "^4.17.0",
        "@nlpjs/similarity": "^4.17.0"
      }
    },
    "@nlpjs/neural": {
      "version": "4.17.0",
      "resolved": "https://registry.npmjs.org/@nlpjs/neural/-/neural-4.17.0.tgz",
      "integrity": "sha512-3LUfHPRs27Z4W22O2AIq3e4y8NUDtKUVoMKT4N/4T/Hoy+PrL0aJRkorcu90w5CvkJwKMpLv8Dx0+dgQBsFH5g=="
    },
    "@nlpjs/nlg": {
      "version": "4.17.1",
      "resolved": "https://registry.npmjs.org/@nlpjs/nlg/-/nlg-4.17.1.tgz",
      "integrity": "sha512-AArCPX7YrT9tnV0G0Im4aZSpTrdx3BjJ0699eipLTUoMNeCVk57T/Jg1yg+sQygMpX6Ke2gq7HdSpVWND5Y1lg==",
      "requires": {
        "@nlpjs/core": "^4.17.0"
      }
    },
    "@nlpjs/nlp": {
      "version": "4.17.2",
      "resolved": "https://registry.npmjs.org/@nlpjs/nlp/-/nlp-4.17.2.tgz",
      "integrity": "sha512-f91PFWjS35MzoCqtYFRnJt+UKbb6QSBblop6BYAy5ZtrTHctyTAM8T1gGXrVcFXswYvm2PsJF2F9B1hRVZA+2A==",
      "requires": {
        "@nlpjs/core": "^4.17.0",
        "@nlpjs/ner": "^4.17.0",
        "@nlpjs/nlg": "^4.17.1",
        "@nlpjs/nlu": "^4.17.0",
        "@nlpjs/sentiment": "^4.17.0",
        "@nlpjs/slot": "^4.17.0"
      }
    },
    "@nlpjs/nlu": {
      "version": "4.17.0",
      "resolved": "https://registry.npmjs.org/@nlpjs/nlu/-/nlu-4.17.0.tgz",
      "integrity": "sha512-N1nkaiL2rdlogh315SBrDl0V+EK8zIlLA5oPvfSTMifLmvkXsYYQHNch3NU1Vt7KgmAVk7bt4DmYuGG0cQOx0w==",
      "requires": {
        "@nlpjs/core": "^4.17.0",
        "@nlpjs/language-min": "^4.17.0",
        "@nlpjs/neural": "^4.17.0",
        "@nlpjs/similarity": "^4.17.0"
      }
    },
    "@nlpjs/request": {
      "version": "4.17.0",
      "resolved": "https://registry.npmjs.org/@nlpjs/request/-/request-4.17.0.tgz",
      "integrity": "sha512-9LIdTcY5pAA+hPlX0qekeA699ux8JzcMe9Odjd2t2NEH0cVZSvrtNi+KHn/Eclk732H1erP7ciVncnT+hv9lAw==",
      "requires": {
        "http-proxy-agent": "^4.0.1",
        "https-proxy-agent": "^5.0.0"
      }
    },
    "@nlpjs/sentiment": {
      "version": "4.17.0",
      "resolved": "https://registry.npmjs.org/@nlpjs/sentiment/-/sentiment-4.17.0.tgz",
      "integrity": "sha512-LNEXUftzWYWVkOsf2RpZOOPDV6+qkQR1apurm33K2Pjk6CL57muNbqh+MxHoBd1kXMKDKNLjUkyCG+MdsLsrgw==",
      "requires": {
        "@nlpjs/core": "^4.17.0",
        "@nlpjs/language-min": "^4.17.0",
        "@nlpjs/neural": "^4.17.0"
      }
    },
    "@nlpjs/similarity": {
      "version": "4.17.0",
      "resolved": "https://registry.npmjs.org/@nlpjs/similarity/-/similarity-4.17.0.tgz",
      "integrity": "sha512-LCLlT2FuWtNtSpGtiwqv6n9n0i125jxcRHeyyVouMPlEGfsEgnRIe0AQH8N65PUNOChK1DG2NHjPPDMSUByfNg=="
    },
    "@nlpjs/slot": {
      "version": "4.17.0",
      "resolved": "https://registry.npmjs.org/@nlpjs/slot/-/slot-4.17.0.tgz",
      "integrity": "sha512-GS++r4O4ZP+v33v1lNNPyN3O0Ko/g//q8R8KdtZbTOBGE2mbE+qFkDF5p4hxAZzk6bQEwByeHckz+XFcqr/XDQ=="
    },
    "@nlpjs/xtables": {
      "version": "4.17.0",
      "resolved": "https://registry.npmjs.org/@nlpjs/xtables/-/xtables-4.17.0.tgz",
      "integrity": "sha512-AA7OZlxQ8Dgis4kVii5YZ13BrWdvIwiDxmKuPTIgkdOjZ4m5MmJdA72DpOSKV/oG/TtH4mPkOz9/yva/0fiA0Q==",
      "requires": {
        "xlsx": "^0.16.2"
      }
    },
    "@tootallnate/once": {
      "version": "1.1.2",
      "resolved": "https://registry.npmjs.org/@tootallnate/once/-/once-1.1.2.tgz",
      "integrity": "sha512-RbzJvlNzmRq5c3O09UipeuXno4tA1FE6ikOjxZK0tuxVv3412l64l5t1W5pj4+rJq9vpkm/kwiR07aZXnsKPxw=="
    },
    "adler-32": {
      "version": "1.2.0",
      "resolved": "https://registry.npmjs.org/adler-32/-/adler-32-1.2.0.tgz",
      "integrity": "sha1-aj5r8KY5ALoVZSgIyxXGgT0aXyU=",
      "requires": {
        "exit-on-epipe": "~1.0.1",
        "printj": "~1.1.0"
      }
    },
    "agent-base": {
      "version": "6.0.2",
      "resolved": "https://registry.npmjs.org/agent-base/-/agent-base-6.0.2.tgz",
      "integrity": "sha512-RZNwNclF7+MS/8bDg70amg32dyeZGZxiDuQmZxKLAlQjr3jGyLx+4Kkk58UO7D2QdgFIQCovuSuZESne6RG6XQ==",
      "requires": {
        "debug": "4"
      }
    },
    "async": {
      "version": "2.6.3",
      "resolved": "https://registry.npmjs.org/async/-/async-2.6.3.tgz",
      "integrity": "sha512-zflvls11DCy+dQWzTW2dzuilv8Z5X/pjfmZOWba6TNIVDm+2UDaJmXSOXlasHKfNBs8oo3M0aT50fDEWfKZjXg==",
      "requires": {
        "lodash": "^4.17.14"
      }
    },
    "bignumber.js": {
      "version": "7.2.1",
      "resolved": "https://registry.npmjs.org/bignumber.js/-/bignumber.js-7.2.1.tgz",
      "integrity": "sha512-S4XzBk5sMB+Rcb/LNcpzXr57VRTxgAvaAEDAl1AwRx27j00hT84O6OkteE7u8UB3NuaaygCRrEpqox4uDOrbdQ=="
    },
    "cfb": {
      "version": "1.2.0",
      "resolved": "https://registry.npmjs.org/cfb/-/cfb-1.2.0.tgz",
      "integrity": "sha512-sXMvHsKCICVR3Naq+J556K+ExBo9n50iKl6LGarlnvuA2035uMlGA/qVrc0wQtow5P1vJEw9UyrKLCbtIKz+TQ==",
      "requires": {
        "adler-32": "~1.2.0",
        "crc-32": "~1.2.0",
        "printj": "~1.1.2"
      }
    },
    "codepage": {
      "version": "1.14.0",
      "resolved": "https://registry.npmjs.org/codepage/-/codepage-1.14.0.tgz",
      "integrity": "sha1-jL4lSBMjVZ19MHVxsP/5HnodL5k=",
      "requires": {
        "commander": "~2.14.1",
        "exit-on-epipe": "~1.0.1"
      },
      "dependencies": {
        "commander": {
          "version": "2.14.1",
          "resolved": "https://registry.npmjs.org/commander/-/commander-2.14.1.tgz",
          "integrity": "sha512-+YR16o3rK53SmWHU3rEM3tPAh2rwb1yPcQX5irVn7mb0gXbwuCCrnkbV5+PBfETdfg1vui07nM6PCG1zndcjQw=="
        }
      }
    },
    "commander": {
      "version": "2.17.1",
      "resolved": "https://registry.npmjs.org/commander/-/commander-2.17.1.tgz",
      "integrity": "sha512-wPMUt6FnH2yzG95SA6mzjQOEKUU3aLaDEmzs1ti+1E9h+CsrZghRlqEM/EJ4KscsQVG8uNN4uVreUeT8+drlgg=="
    },
    "crc-32": {
      "version": "1.2.0",
      "resolved": "https://registry.npmjs.org/crc-32/-/crc-32-1.2.0.tgz",
      "integrity": "sha512-1uBwHxF+Y/4yF5G48fwnKq6QsIXheor3ZLPT80yGBV1oEUwpPojlEhQbWKVw1VwcTQyMGHK1/XMmTjmlsmTTGA==",
      "requires": {
        "exit-on-epipe": "~1.0.1",
        "printj": "~1.1.0"
      }
    },
    "debug": {
      "version": "4.3.1",
      "resolved": "https://registry.npmjs.org/debug/-/debug-4.3.1.tgz",
      "integrity": "sha512-doEwdvm4PCeK4K3RQN2ZC2BYUBaxwLARCqZmMjtF8a51J2Rb0xpVloFRnCODwqjpwnAoao4pelN8l3RJdv3gRQ==",
      "requires": {
        "ms": "2.1.2"
      }
    },
    "deep-is": {
      "version": "0.1.3",
      "resolved": "https://registry.npmjs.org/deep-is/-/deep-is-0.1.3.tgz",
      "integrity": "sha1-s2nW+128E+7PUk+RsHD+7cNXzzQ="
    },
    "doublearray": {
      "version": "0.0.2",
      "resolved": "https://registry.npmjs.org/doublearray/-/doublearray-0.0.2.tgz",
      "integrity": "sha1-Yxhv6NNEEydtNiH2qg7F954ifvk="
    },
    "escodegen": {
      "version": "2.0.0",
      "resolved": "https://registry.npmjs.org/escodegen/-/escodegen-2.0.0.tgz",
      "integrity": "sha512-mmHKys/C8BFUGI+MAWNcSYoORYLMdPzjrknd2Vc+bUsjN5bXcr8EhrNB+UTqfL1y3I9c4fw2ihgtMPQLBRiQxw==",
      "requires": {
        "esprima": "^4.0.1",
        "estraverse": "^5.2.0",
        "esutils": "^2.0.2",
        "optionator": "^0.8.1",
        "source-map": "~0.6.1"
      }
    },
    "esprima": {
      "version": "4.0.1",
      "resolved": "https://registry.npmjs.org/esprima/-/esprima-4.0.1.tgz",
      "integrity": "sha512-eGuFFw7Upda+g4p+QHvnW0RyTX/SVeJBDM/gCtMARO0cLuT2HcEKnTPvhjV6aGeqrCB/sbNop0Kszm0jsaWU4A=="
    },
    "estraverse": {
      "version": "5.2.0",
      "resolved": "https://registry.npmjs.org/estraverse/-/estraverse-5.2.0.tgz",
      "integrity": "sha512-BxbNGGNm0RyRYvUdHpIwv9IWzeM9XClbOxwoATuFdOE7ZE6wHL+HQ5T8hoPM+zHvmKzzsEqhgy0GrQ5X13afiQ=="
    },
    "esutils": {
      "version": "2.0.3",
      "resolved": "https://registry.npmjs.org/esutils/-/esutils-2.0.3.tgz",
      "integrity": "sha512-kVscqXk4OCp68SZ0dkgEKVi6/8ij300KBWTJq32P/dYeWTSwK41WyTxalN1eRmA5Z9UU/LX9D7FWSmV9SAYx6g=="
    },
    "exit-on-epipe": {
      "version": "1.0.1",
      "resolved": "https://registry.npmjs.org/exit-on-epipe/-/exit-on-epipe-1.0.1.tgz",
      "integrity": "sha512-h2z5mrROTxce56S+pnvAV890uu7ls7f1kEvVGJbw1OlFH3/mlJ5bkXu0KRyW94v37zzHPiUd55iLn3DA7TjWpw=="
    },
    "fast-levenshtein": {
      "version": "2.0.6",
      "resolved": "https://registry.npmjs.org/fast-levenshtein/-/fast-levenshtein-2.0.6.tgz",
      "integrity": "sha1-PYpcZog6FqMMqGQ+hR8Zuqd5eRc="
    },
    "fflate": {
      "version": "0.3.11",
      "resolved": "https://registry.npmjs.org/fflate/-/fflate-0.3.11.tgz",
      "integrity": "sha512-Rr5QlUeGN1mbOHlaqcSYMKVpPbgLy0AWT/W0EHxA6NGI12yO1jpoui2zBBvU2G824ltM6Ut8BFgfHSBGfkmS0A=="
    },
    "frac": {
      "version": "1.1.2",
      "resolved": "https://registry.npmjs.org/frac/-/frac-1.1.2.tgz",
      "integrity": "sha512-w/XBfkibaTl3YDqASwfDUqkna4Z2p9cFSr1aHDt0WoMTECnRfBOv2WArlZILlqgWlmdIlALXGpM2AOhEk5W3IA=="
    },
    "grapheme-splitter": {
      "version": "1.0.4",
      "resolved": "https://registry.npmjs.org/grapheme-splitter/-/grapheme-splitter-1.0.4.tgz",
      "integrity": "sha512-bzh50DW9kTPM00T8y4o8vQg89Di9oLJVLW/KaOGIXJWP/iqCN6WKYkbNOF04vFLJhwcpYUh9ydh/+5vpOqV4YQ=="
    },
    "http-proxy-agent": {
      "version": "4.0.1",
      "resolved": "https://registry.npmjs.org/http-proxy-agent/-/http-proxy-agent-4.0.1.tgz",
      "integrity": "sha512-k0zdNgqWTGA6aeIRVpvfVob4fL52dTfaehylg0Y4UvSySvOq/Y+BOyPrgpUrA7HylqvU8vIZGsRuXmspskV0Tg==",
      "requires": {
        "@tootallnate/once": "1",
        "agent-base": "6",
        "debug": "4"
      }
    },
    "https-proxy-agent": {
      "version": "5.0.0",
      "resolved": "https://registry.npmjs.org/https-proxy-agent/-/https-proxy-agent-5.0.0.tgz",
      "integrity": "sha512-EkYm5BcKUGiduxzSt3Eppko+PiNWNEpa4ySk9vTC6wDsQJW9rHSa+UhGNJoRYp7bz6Ht1eaRIa6QaJqO5rCFbA==",
      "requires": {
        "agent-base": "6",
        "debug": "4"
      }
    },
    "kuromoji": {
      "version": "0.1.2",
      "resolved": "https://registry.npmjs.org/kuromoji/-/kuromoji-0.1.2.tgz",
      "integrity": "sha512-V0dUf+C2LpcPEXhoHLMAop/bOht16Dyr+mDiIE39yX3vqau7p80De/koFqpiTcL1zzdZlc3xuHZ8u5gjYRfFaQ==",
      "requires": {
        "async": "^2.0.1",
        "doublearray": "0.0.2",
        "zlibjs": "^0.3.1"
      }
    },
    "levn": {
      "version": "0.3.0",
      "resolved": "https://registry.npmjs.org/levn/-/levn-0.3.0.tgz",
      "integrity": "sha1-OwmSTt+fCDwEkP3UwLxEIeBHZO4=",
      "requires": {
        "prelude-ls": "~1.1.2",
        "type-check": "~0.3.2"
      }
    },
    "lodash": {
      "version": "4.17.20",
      "resolved": "https://registry.npmjs.org/lodash/-/lodash-4.17.20.tgz",
      "integrity": "sha512-PlhdFcillOINfeV7Ni6oF1TAEayyZBoZ8bcshTHqOYJYlrqzRK5hagpagky5o4HfCzzd1TRkXPMFq6cKk9rGmA=="
    },
    "lodash.escaperegexp": {
      "version": "4.1.2",
      "resolved": "https://registry.npmjs.org/lodash.escaperegexp/-/lodash.escaperegexp-4.1.2.tgz",
      "integrity": "sha1-ZHYsSGGAglGKw99Mz11YhtriA0c="
    },
    "lodash.isequal": {
      "version": "4.5.0",
      "resolved": "https://registry.npmjs.org/lodash.isequal/-/lodash.isequal-4.5.0.tgz",
      "integrity": "sha1-QVxEePK8wwEgwizhDtMib30+GOA="
    },
    "lodash.last": {
      "version": "3.0.0",
      "resolved": "https://registry.npmjs.org/lodash.last/-/lodash.last-3.0.0.tgz",
      "integrity": "sha1-JC9mMRLdTG5jcoxgo8kJ0b2tvUw="
    },
    "lodash.max": {
      "version": "4.0.1",
      "resolved": "https://registry.npmjs.org/lodash.max/-/lodash.max-4.0.1.tgz",
      "integrity": "sha1-hzVWbGGLNan3YFILSHrnllivE2o="
    },
    "lodash.sortby": {
      "version": "4.7.0",
      "resolved": "https://registry.npmjs.org/lodash.sortby/-/lodash.sortby-4.7.0.tgz",
      "integrity": "sha1-7dFMgk4sycHgsKG0K7UhBRakJDg="
    },
    "lodash.tonumber": {
      "version": "4.0.3",
      "resolved": "https://registry.npmjs.org/lodash.tonumber/-/lodash.tonumber-4.0.3.tgz",
      "integrity": "sha1-C5azGzVnJ5Prf1pj7nkfG56QJdk="
    },
    "lodash.trimend": {
      "version": "4.5.1",
      "resolved": "https://registry.npmjs.org/lodash.trimend/-/lodash.trimend-4.5.1.tgz",
      "integrity": "sha1-EoBENyhrmMrYmWt5QU4RMAEUCC8="
    },
    "ms": {
      "version": "2.1.2",
      "resolved": "https://registry.npmjs.org/ms/-/ms-2.1.2.tgz",
      "integrity": "sha512-sGkPx+VjMtmA6MX27oA4FBFELFCZZ4S4XqeGOXCv68tT+jb3vk/RyaKWP0PTKyWtmLSM0b+adUTEvbs1PEaH2w=="
    },
    "node-nlp": {
      "version": "4.17.2",
      "resolved": "https://registry.npmjs.org/node-nlp/-/node-nlp-4.17.2.tgz",
      "integrity": "sha512-6sGy4yZZd0T710JItqO3UzobVGdrPFejcbq+IsLRA6x3acRjbu8i0kbxlvl9+Zet90eTmm+ULkSj9DO2j2JAog==",
      "requires": {
        "@nlpjs/builtin-duckling": "^4.17.1",
        "@nlpjs/builtin-microsoft": "^4.17.0",
        "@nlpjs/core-loader": "^4.17.0",
        "@nlpjs/emoji": "^4.17.0",
        "@nlpjs/evaluator": "^4.17.1",
        "@nlpjs/lang-all": "^4.17.1",
        "@nlpjs/language": "^4.17.0",
        "@nlpjs/neural": "^4.17.0",
        "@nlpjs/nlg": "^4.17.1",
        "@nlpjs/nlp": "^4.17.2",
        "@nlpjs/nlu": "^4.17.0",
        "@nlpjs/request": "^4.17.0",
        "@nlpjs/sentiment": "^4.17.0",
        "@nlpjs/similarity": "^4.17.0",
        "@nlpjs/xtables": "^4.17.0"
      }
    },
    "optionator": {
      "version": "0.8.3",
      "resolved": "https://registry.npmjs.org/optionator/-/optionator-0.8.3.tgz",
      "integrity": "sha512-+IW9pACdk3XWmmTXG8m3upGUJst5XRGzxMRjXzAuJ1XnIFNvfhjjIuYkDvysnPQ7qzqVzLt78BCruntqRhWQbA==",
      "requires": {
        "deep-is": "~0.1.3",
        "fast-levenshtein": "~2.0.6",
        "levn": "~0.3.0",
        "prelude-ls": "~1.1.2",
        "type-check": "~0.3.2",
        "word-wrap": "~1.2.3"
      }
    },
    "prelude-ls": {
      "version": "1.1.2",
      "resolved": "https://registry.npmjs.org/prelude-ls/-/prelude-ls-1.1.2.tgz",
      "integrity": "sha1-IZMqVJ9eUv/ZqCf1cOBL5iqX2lQ="
    },
    "printj": {
      "version": "1.1.2",
      "resolved": "https://registry.npmjs.org/printj/-/printj-1.1.2.tgz",
      "integrity": "sha512-zA2SmoLaxZyArQTOPj5LXecR+RagfPSU5Kw1qP+jkWeNlrq+eJZyY2oS68SU1Z/7/myXM4lo9716laOFAVStCQ=="
    },
    "source-map": {
      "version": "0.6.1",
      "resolved": "https://registry.npmjs.org/source-map/-/source-map-0.6.1.tgz",
      "integrity": "sha512-UjgapumWlbMhkBgzT7Ykc5YXUT46F0iKu8SGXq0bcwP5dz/h0Plj6enJqjz1Zbq2l5WaqYnrVbwWOWMyF3F47g==",
      "optional": true
    },
    "ssf": {
      "version": "0.11.2",
      "resolved": "https://registry.npmjs.org/ssf/-/ssf-0.11.2.tgz",
      "integrity": "sha512-+idbmIXoYET47hH+d7dfm2epdOMUDjqcB4648sTZ+t2JwoyBFL/insLfB/racrDmsKB3diwsDA696pZMieAC5g==",
      "requires": {
        "frac": "~1.1.2"
      }
    },
    "type-check": {
      "version": "0.3.2",
      "resolved": "https://registry.npmjs.org/type-check/-/type-check-0.3.2.tgz",
      "integrity": "sha1-WITKtRLPHTVeP7eE8wgEsrUg23I=",
      "requires": {
        "prelude-ls": "~1.1.2"
      }
    },
    "wmf": {
      "version": "1.0.2",
      "resolved": "https://registry.npmjs.org/wmf/-/wmf-1.0.2.tgz",
      "integrity": "sha512-/p9K7bEh0Dj6WbXg4JG0xvLQmIadrner1bi45VMJTfnbVHsc7yIajZyoSoK60/dtVBs12Fm6WkUI5/3WAVsNMw=="
    },
    "word": {
      "version": "0.3.0",
      "resolved": "https://registry.npmjs.org/word/-/word-0.3.0.tgz",
      "integrity": "sha512-OELeY0Q61OXpdUfTp+oweA/vtLVg5VDOXh+3he3PNzLGG/y0oylSOC1xRVj0+l4vQ3tj/bB1HVHv1ocXkQceFA=="
    },
    "word-wrap": {
      "version": "1.2.3",
      "resolved": "https://registry.npmjs.org/word-wrap/-/word-wrap-1.2.3.tgz",
      "integrity": "sha512-Hz/mrNwitNRh/HUAtM/VT/5VH+ygD6DV7mYKZAtHOrbs8U7lvPS6xf7EJKMF0uW1KJCl0H701g3ZGus+muE5vQ=="
    },
    "xlsx": {
      "version": "0.16.9",
      "resolved": "https://registry.npmjs.org/xlsx/-/xlsx-0.16.9.tgz",
      "integrity": "sha512-gxi1I3EasYvgCX1vN9pGyq920Ron4NO8PNfhuoA3Hpq6Y8f0ECXiy4OLrK4QZBnj1jx3QD+8Fq5YZ/3mPZ5iXw==",
      "requires": {
        "adler-32": "~1.2.0",
        "cfb": "^1.1.4",
        "codepage": "~1.14.0",
        "commander": "~2.17.1",
        "crc-32": "~1.2.0",
        "exit-on-epipe": "~1.0.1",
        "fflate": "^0.3.8",
        "ssf": "~0.11.2",
        "wmf": "~1.0.1",
        "word": "~0.3.0"
      }
    },
    "zlibjs": {
      "version": "0.3.1",
      "resolved": "https://registry.npmjs.org/zlibjs/-/zlibjs-0.3.1.tgz",
      "integrity": "sha1-UBl+2yihxCymWcyLTmqd3W1ERVQ="
    }
  }
}
